
Microsoft Visual Studio Solution File, Format Version 12.00
# Visual Studio Version 16
VisualStudioVersion = 16.0.29215.179
MinimumVisualStudioVersion = 10.0.40219.1
Project("{FAE04EC0-301F-11D3-BF4B-00C04F79EFBC}") = "Lab 2", "Lab 2\Lab 2.csproj", "{C4C6334F-1AD8-405A-8755-D06217FFF5CC}"
EndProject
Global
	GlobalSection(SolutionConfigurationPlatforms) = preSolution
		Debug|Any CPU = Debug|Any CPU
		Release|Any CPU = Release|Any CPU
	EndGlobalSection
	GlobalSection(ProjectConfigurationPlatforms) = postSolution
		{C4C6334F-1AD8-405A-8755-D06217FFF5CC}.Debug|Any CPU.ActiveCfg = Debug|Any CPU
		{C4C6334F-1AD8-405A-8755-D06217FFF5CC}.Debug|Any CPU.Build.0 = Debug|Any CPU
		{C4C6334F-1AD8-405A-8755-D06217FFF5CC}.Release|Any CPU.ActiveCfg = Release|Any CPU
		{C4C6334F-1AD8-405A-8755-D06217FFF5CC}.Release|Any CPU.Build.0 = Release|Any CPU
	EndGlobalSection
	GlobalSection(SolutionProperties) = preSolution
		HideSolutionNode = FALSE
	EndGlobalSection
	GlobalSection(ExtensibilityGlobals) = postSolution
		SolutionGuid = {0FA795CE-EBF4-4944-A925-E819823F885F}
	EndGlobalSection
EndGlobal
